
Microsoft Visual Studio Solution File, Format Version 12.00
# Visual Studio Version 16
VisualStudioVersion = 16.0.32228.343
MinimumVisualStudioVersion = 10.0.40219.1
Project("{FAE04EC0-301F-11D3-BF4B-00C04F79EFBC}") = "ServiceSiteForTheElderly", "ServiceSiteForTheElderly\ServiceSiteForTheElderly.csproj", "{E02651DF-4CD5-49A7-B865-BABDDA06B648}"
EndProject
Global
	GlobalSection(SolutionConfigurationPlatforms) = preSolution
		Debug|Any CPU = Debug|Any CPU
		Release|Any CPU = Release|Any CPU
	EndGlobalSection
	GlobalSection(ProjectConfigurationPlatforms) = postSolution
		{E02651DF-4CD5-49A7-B865-BABDDA06B648}.Debug|Any CPU.ActiveCfg = Debug|Any CPU
		{E02651DF-4CD5-49A7-B865-BABDDA06B648}.Debug|Any CPU.Build.0 = Debug|Any CPU
		{E02651DF-4CD5-49A7-B865-BABDDA06B648}.Release|Any CPU.ActiveCfg = Release|Any CPU
		{E02651DF-4CD5-49A7-B865-BABDDA06B648}.Release|Any CPU.Build.0 = Release|Any CPU
	EndGlobalSection
	GlobalSection(SolutionProperties) = preSolution
		HideSolutionNode = FALSE
	EndGlobalSection
	GlobalSection(ExtensibilityGlobals) = postSolution
		SolutionGuid = {BBEB8209-A252-45B9-9634-680C5F4BB188}
	EndGlobalSection
EndGlobal
